// !$*UTF8*$!
{
	archiveVersion = 1;
	classes = {
	};
	objectVersion = 46;
	objects = {

/* Begin PBXBuildFile section */
		00C302E51ABCBA2D00DB3ED1 /* libRCTActionSheet.a in Frameworks */ = {isa = PBXBuildFile; fileRef = 00C302AC1ABCB8CE00DB3ED1 /* libRCTActionSheet.a */; };
		00C302E71ABCBA2D00DB3ED1 /* libRCTGeolocation.a in Frameworks */ = {isa = PBXBuildFile; fileRef = 00C302BA1ABCB90400DB3ED1 /* libRCTGeolocation.a */; };
		00C302E81ABCBA2D00DB3ED1 /* libRCTImage.a in Frameworks */ = {isa = PBXBuildFile; fileRef = 00C302C01ABCB91800DB3ED1 /* libRCTImage.a */; };
		00C302E91ABCBA2D00DB3ED1 /* libRCTNetwork.a in Frameworks */ = {isa = PBXBuildFile; fileRef = 00C302DC1ABCB9D200DB3ED1 /* libRCTNetwork.a */; };
		00C302EA1ABCBA2D00DB3ED1 /* libRCTVibration.a in Frameworks */ = {isa = PBXBuildFile; fileRef = 00C302E41ABCB9EE00DB3ED1 /* libRCTVibration.a */; };
		00E356F31AD99517003FC87E /* Mapka3Tests.m in Sources */ = {isa = PBXBuildFile; fileRef = 00E356F21AD99517003FC87E /* Mapka3Tests.m */; };
		133E29F31AD74F7200F7D852 /* libRCTLinking.a in Frameworks */ = {isa = PBXBuildFile; fileRef = 78C398B91ACF4ADC00677621 /* libRCTLinking.a */; };
		139105C61AF99C1200B5F7CC /* libRCTSettings.a in Frameworks */ = {isa = PBXBuildFile; fileRef = 139105C11AF99BAD00B5F7CC /* libRCTSettings.a */; };
		139FDEF61B0652A700C62182 /* libRCTWebSocket.a in Frameworks */ = {isa = PBXBuildFile; fileRef = 139FDEF41B06529B00C62182 /* libRCTWebSocket.a */; };
		13B07FBC1A68108700A75B9A /* AppDelegate.m in Sources */ = {isa = PBXBuildFile; fileRef = 13B07FB01A68108700A75B9A /* AppDelegate.m */; };
		13B07FBD1A68108700A75B9A /* LaunchScreen.xib in Resources */ = {isa = PBXBuildFile; fileRef = 13B07FB11A68108700A75B9A /* LaunchScreen.xib */; };
		13B07FBF1A68108700A75B9A /* Images.xcassets in Resources */ = {isa = PBXBuildFile; fileRef = 13B07FB51A68108700A75B9A /* Images.xcassets */; };
		13B07FC11A68108700A75B9A /* main.m in Sources */ = {isa = PBXBuildFile; fileRef = 13B07FB71A68108700A75B9A /* main.m */; };
		140ED2AC1D01E1AD002B40FF /* libReact.a in Frameworks */ = {isa = PBXBuildFile; fileRef = 146834041AC3E56700842450 /* libReact.a */; };
		146834051AC3E58100842450 /* libReact.a in Frameworks */ = {isa = PBXBuildFile; fileRef = 146834041AC3E56700842450 /* libReact.a */; };
		15314A08364FB5541B20B548 /* Pods_Mapka3.framework in Frameworks */ = {isa = PBXBuildFile; fileRef = 01534340016F7ED62F2D834C /* Pods_Mapka3.framework */; };
		832341BD1AAA6AB300B99B32 /* libRCTText.a in Frameworks */ = {isa = PBXBuildFile; fileRef = 832341B51AAA6A8300B99B32 /* libRCTText.a */; };
		D476CF651DC5D108006A2D5A /* AIRGMSMarker.m in Sources */ = {isa = PBXBuildFile; fileRef = D476CF561DC5D108006A2D5A /* AIRGMSMarker.m */; };
		D476CF661DC5D108006A2D5A /* AIRGoogleMap.m in Sources */ = {isa = PBXBuildFile; fileRef = D476CF581DC5D108006A2D5A /* AIRGoogleMap.m */; };
		D476CF671DC5D108006A2D5A /* AIRGoogleMapCallout.m in Sources */ = {isa = PBXBuildFile; fileRef = D476CF5A1DC5D108006A2D5A /* AIRGoogleMapCallout.m */; };
		D476CF681DC5D108006A2D5A /* AIRGoogleMapCalloutManager.m in Sources */ = {isa = PBXBuildFile; fileRef = D476CF5C1DC5D108006A2D5A /* AIRGoogleMapCalloutManager.m */; };
		D476CF691DC5D108006A2D5A /* AIRGoogleMapManager.m in Sources */ = {isa = PBXBuildFile; fileRef = D476CF5E1DC5D108006A2D5A /* AIRGoogleMapManager.m */; };
		D476CF6A1DC5D108006A2D5A /* AIRGoogleMapMarker.m in Sources */ = {isa = PBXBuildFile; fileRef = D476CF601DC5D108006A2D5A /* AIRGoogleMapMarker.m */; };
		D476CF6B1DC5D108006A2D5A /* AIRGoogleMapMarkerManager.m in Sources */ = {isa = PBXBuildFile; fileRef = D476CF621DC5D108006A2D5A /* AIRGoogleMapMarkerManager.m */; };
		D476CF6C1DC5D108006A2D5A /* DummyView.m in Sources */ = {isa = PBXBuildFile; fileRef = D476CF641DC5D108006A2D5A /* DummyView.m */; };
		D476CFA31DC5D12A006A2D5A /* AIRMap.m in Sources */ = {isa = PBXBuildFile; fileRef = D476CF801DC5D12A006A2D5A /* AIRMap.m */; };
		D476CFA41DC5D12A006A2D5A /* AIRMapCallout.m in Sources */ = {isa = PBXBuildFile; fileRef = D476CF821DC5D12A006A2D5A /* AIRMapCallout.m */; };
		D476CFA51DC5D12A006A2D5A /* AIRMapCalloutManager.m in Sources */ = {isa = PBXBuildFile; fileRef = D476CF841DC5D12A006A2D5A /* AIRMapCalloutManager.m */; };
		D476CFA61DC5D12A006A2D5A /* AIRMapCircle.m in Sources */ = {isa = PBXBuildFile; fileRef = D476CF861DC5D12A006A2D5A /* AIRMapCircle.m */; };
		D476CFA71DC5D12A006A2D5A /* AIRMapCircleManager.m in Sources */ = {isa = PBXBuildFile; fileRef = D476CF881DC5D12A006A2D5A /* AIRMapCircleManager.m */; };
		D476CFA81DC5D12A006A2D5A /* AIRMapCoordinate.m in Sources */ = {isa = PBXBuildFile; fileRef = D476CF8A1DC5D12A006A2D5A /* AIRMapCoordinate.m */; };
		D476CFA91DC5D12A006A2D5A /* AIRMapManager.m in Sources */ = {isa = PBXBuildFile; fileRef = D476CF8C1DC5D12A006A2D5A /* AIRMapManager.m */; };
		D476CFAA1DC5D12A006A2D5A /* AIRMapMarker.m in Sources */ = {isa = PBXBuildFile; fileRef = D476CF8E1DC5D12A006A2D5A /* AIRMapMarker.m */; };
		D476CFAB1DC5D12A006A2D5A /* AIRMapMarkerManager.m in Sources */ = {isa = PBXBuildFile; fileRef = D476CF901DC5D12A006A2D5A /* AIRMapMarkerManager.m */; };
		D476CFAC1DC5D12A006A2D5A /* AIRMapPolygon.m in Sources */ = {isa = PBXBuildFile; fileRef = D476CF921DC5D12A006A2D5A /* AIRMapPolygon.m */; };
		D476CFAD1DC5D12A006A2D5A /* AIRMapPolygonManager.m in Sources */ = {isa = PBXBuildFile; fileRef = D476CF941DC5D12A006A2D5A /* AIRMapPolygonManager.m */; };
		D476CFAE1DC5D12A006A2D5A /* AIRMapPolyline.m in Sources */ = {isa = PBXBuildFile; fileRef = D476CF961DC5D12A006A2D5A /* AIRMapPolyline.m */; };
		D476CFAF1DC5D12A006A2D5A /* AIRMapPolylineManager.m in Sources */ = {isa = PBXBuildFile; fileRef = D476CF981DC5D12A006A2D5A /* AIRMapPolylineManager.m */; };
		D476CFB01DC5D12A006A2D5A /* AIRMapUrlTile.m in Sources */ = {isa = PBXBuildFile; fileRef = D476CF9B1DC5D12A006A2D5A /* AIRMapUrlTile.m */; };
		D476CFB11DC5D12A006A2D5A /* AIRMapUrlTileManager.m in Sources */ = {isa = PBXBuildFile; fileRef = D476CF9D1DC5D12A006A2D5A /* AIRMapUrlTileManager.m */; };
		D476CFB21DC5D12A006A2D5A /* SMCalloutView.m in Sources */ = {isa = PBXBuildFile; fileRef = D476CFA01DC5D12A006A2D5A /* SMCalloutView.m */; };
		D476CFB31DC5D12A006A2D5A /* RCTConvert+MoreMapKit.m in Sources */ = {isa = PBXBuildFile; fileRef = D476CFA21DC5D12A006A2D5A /* RCTConvert+MoreMapKit.m */; };
/* End PBXBuildFile section */

/* Begin PBXContainerItemProxy section */
		00C302AB1ABCB8CE00DB3ED1 /* PBXContainerItemProxy */ = {
			isa = PBXContainerItemProxy;
			containerPortal = 00C302A71ABCB8CE00DB3ED1 /* RCTActionSheet.xcodeproj */;
			proxyType = 2;
			remoteGlobalIDString = 134814201AA4EA6300B7C361;
			remoteInfo = RCTActionSheet;
		};
		00C302B91ABCB90400DB3ED1 /* PBXContainerItemProxy */ = {
			isa = PBXContainerItemProxy;
			containerPortal = 00C302B51ABCB90400DB3ED1 /* RCTGeolocation.xcodeproj */;
			proxyType = 2;
			remoteGlobalIDString = 134814201AA4EA6300B7C361;
			remoteInfo = RCTGeolocation;
		};
		00C302BF1ABCB91800DB3ED1 /* PBXContainerItemProxy */ = {
			isa = PBXContainerItemProxy;
			containerPortal = 00C302BB1ABCB91800DB3ED1 /* RCTImage.xcodeproj */;
			proxyType = 2;
			remoteGlobalIDString = 58B5115D1A9E6B3D00147676;
			remoteInfo = RCTImage;
		};
		00C302DB1ABCB9D200DB3ED1 /* PBXContainerItemProxy */ = {
			isa = PBXContainerItemProxy;
			containerPortal = 00C302D31ABCB9D200DB3ED1 /* RCTNetwork.xcodeproj */;
			proxyType = 2;
			remoteGlobalIDString = 58B511DB1A9E6C8500147676;
			remoteInfo = RCTNetwork;
		};
		00C302E31ABCB9EE00DB3ED1 /* PBXContainerItemProxy */ = {
			isa = PBXContainerItemProxy;
			containerPortal = 00C302DF1ABCB9EE00DB3ED1 /* RCTVibration.xcodeproj */;
			proxyType = 2;
			remoteGlobalIDString = 832C81801AAF6DEF007FA2F7;
			remoteInfo = RCTVibration;
		};
		00E356F41AD99517003FC87E /* PBXContainerItemProxy */ = {
			isa = PBXContainerItemProxy;
			containerPortal = 83CBB9F71A601CBA00E9B192 /* Project object */;
			proxyType = 1;
			remoteGlobalIDString = 13B07F861A680F5B00A75B9A;
			remoteInfo = Mapka3;
		};
		139105C01AF99BAD00B5F7CC /* PBXContainerItemProxy */ = {
			isa = PBXContainerItemProxy;
			containerPortal = 139105B61AF99BAD00B5F7CC /* RCTSettings.xcodeproj */;
			proxyType = 2;
			remoteGlobalIDString = 134814201AA4EA6300B7C361;
			remoteInfo = RCTSettings;
		};
		139FDEF31B06529B00C62182 /* PBXContainerItemProxy */ = {
			isa = PBXContainerItemProxy;
			containerPortal = 139FDEE61B06529A00C62182 /* RCTWebSocket.xcodeproj */;
			proxyType = 2;
			remoteGlobalIDString = 3C86DF461ADF2C930047B81A;
			remoteInfo = RCTWebSocket;
		};
		146834031AC3E56700842450 /* PBXContainerItemProxy */ = {
			isa = PBXContainerItemProxy;
			containerPortal = 146833FF1AC3E56700842450 /* React.xcodeproj */;
			proxyType = 2;
			remoteGlobalIDString = 83CBBA2E1A601D0E00E9B192;
			remoteInfo = React;
		};
		78C398B81ACF4ADC00677621 /* PBXContainerItemProxy */ = {
			isa = PBXContainerItemProxy;
			containerPortal = 78C398B01ACF4ADC00677621 /* RCTLinking.xcodeproj */;
			proxyType = 2;
			remoteGlobalIDString = 134814201AA4EA6300B7C361;
			remoteInfo = RCTLinking;
		};
		832341B41AAA6A8300B99B32 /* PBXContainerItemProxy */ = {
			isa = PBXContainerItemProxy;
			containerPortal = 832341B01AAA6A8300B99B32 /* RCTText.xcodeproj */;
			proxyType = 2;
			remoteGlobalIDString = 58B5119B1A9E6C1200147676;
			remoteInfo = RCTText;
		};
		D43205B41DC5D0DC000EC298 /* PBXContainerItemProxy */ = {
			isa = PBXContainerItemProxy;
			containerPortal = 00C302BB1ABCB91800DB3ED1 /* RCTImage.xcodeproj */;
			proxyType = 2;
			remoteGlobalIDString = 2D2A283A1D9B042B00D4039D;
			remoteInfo = "RCTImage-tvOS";
		};
		D43205B81DC5D0DC000EC298 /* PBXContainerItemProxy */ = {
			isa = PBXContainerItemProxy;
			containerPortal = 78C398B01ACF4ADC00677621 /* RCTLinking.xcodeproj */;
			proxyType = 2;
			remoteGlobalIDString = 2D2A28471D9B043800D4039D;
			remoteInfo = "RCTLinking-tvOS";
		};
		D43205BC1DC5D0DC000EC298 /* PBXContainerItemProxy */ = {
			isa = PBXContainerItemProxy;
			containerPortal = 00C302D31ABCB9D200DB3ED1 /* RCTNetwork.xcodeproj */;
			proxyType = 2;
			remoteGlobalIDString = 2D2A28541D9B044C00D4039D;
			remoteInfo = "RCTNetwork-tvOS";
		};
		D43205C01DC5D0DC000EC298 /* PBXContainerItemProxy */ = {
			isa = PBXContainerItemProxy;
			containerPortal = 139105B61AF99BAD00B5F7CC /* RCTSettings.xcodeproj */;
			proxyType = 2;
			remoteGlobalIDString = 2D2A28611D9B046600D4039D;
			remoteInfo = "RCTSettings-tvOS";
		};
		D43205C41DC5D0DC000EC298 /* PBXContainerItemProxy */ = {
			isa = PBXContainerItemProxy;
			containerPortal = 832341B01AAA6A8300B99B32 /* RCTText.xcodeproj */;
			proxyType = 2;
			remoteGlobalIDString = 2D2A287B1D9B048500D4039D;
			remoteInfo = "RCTText-tvOS";
		};
		D43205C91DC5D0DC000EC298 /* PBXContainerItemProxy */ = {
			isa = PBXContainerItemProxy;
			containerPortal = 139FDEE61B06529A00C62182 /* RCTWebSocket.xcodeproj */;
			proxyType = 2;
			remoteGlobalIDString = 2D2A28881D9B049200D4039D;
			remoteInfo = "RCTWebSocket-tvOS";
		};
		D43205CD1DC5D0DC000EC298 /* PBXContainerItemProxy */ = {
			isa = PBXContainerItemProxy;
			containerPortal = 146833FF1AC3E56700842450 /* React.xcodeproj */;
			proxyType = 2;
			remoteGlobalIDString = 2D2A28131D9B038B00D4039D;
			remoteInfo = "React-tvOS";
		};
/* End PBXContainerItemProxy section */

/* Begin PBXFileReference section */
		008F07F21AC5B25A0029DE68 /* main.jsbundle */ = {isa = PBXFileReference; fileEncoding = 4; lastKnownFileType = text; path = main.jsbundle; sourceTree = "<group>"; };
		00C302A71ABCB8CE00DB3ED1 /* RCTActionSheet.xcodeproj */ = {isa = PBXFileReference; lastKnownFileType = "wrapper.pb-project"; name = RCTActionSheet.xcodeproj; path = "../node_modules/react-native/Libraries/ActionSheetIOS/RCTActionSheet.xcodeproj"; sourceTree = "<group>"; };
		00C302B51ABCB90400DB3ED1 /* RCTGeolocation.xcodeproj */ = {isa = PBXFileReference; lastKnownFileType = "wrapper.pb-project"; name = RCTGeolocation.xcodeproj; path = "../node_modules/react-native/Libraries/Geolocation/RCTGeolocation.xcodeproj"; sourceTree = "<group>"; };
		00C302BB1ABCB91800DB3ED1 /* RCTImage.xcodeproj */ = {isa = PBXFileReference; lastKnownFileType = "wrapper.pb-project"; name = RCTImage.xcodeproj; path = "../node_modules/react-native/Libraries/Image/RCTImage.xcodeproj"; sourceTree = "<group>"; };
		00C302D31ABCB9D200DB3ED1 /* RCTNetwork.xcodeproj */ = {isa = PBXFileReference; lastKnownFileType = "wrapper.pb-project"; name = RCTNetwork.xcodeproj; path = "../node_modules/react-native/Libraries/Network/RCTNetwork.xcodeproj"; sourceTree = "<group>"; };
		00C302DF1ABCB9EE00DB3ED1 /* RCTVibration.xcodeproj */ = {isa = PBXFileReference; lastKnownFileType = "wrapper.pb-project"; name = RCTVibration.xcodeproj; path = "../node_modules/react-native/Libraries/Vibration/RCTVibration.xcodeproj"; sourceTree = "<group>"; };
		00E356EE1AD99517003FC87E /* Mapka3Tests.xctest */ = {isa = PBXFileReference; explicitFileType = wrapper.cfbundle; includeInIndex = 0; path = Mapka3Tests.xctest; sourceTree = BUILT_PRODUCTS_DIR; };
		00E356F11AD99517003FC87E /* Info.plist */ = {isa = PBXFileReference; lastKnownFileType = text.plist.xml; path = Info.plist; sourceTree = "<group>"; };
		00E356F21AD99517003FC87E /* Mapka3Tests.m */ = {isa = PBXFileReference; lastKnownFileType = sourcecode.c.objc; path = Mapka3Tests.m; sourceTree = "<group>"; };
		01534340016F7ED62F2D834C /* Pods_Mapka3.framework */ = {isa = PBXFileReference; explicitFileType = wrapper.framework; includeInIndex = 0; path = Pods_Mapka3.framework; sourceTree = BUILT_PRODUCTS_DIR; };
		139105B61AF99BAD00B5F7CC /* RCTSettings.xcodeproj */ = {isa = PBXFileReference; lastKnownFileType = "wrapper.pb-project"; name = RCTSettings.xcodeproj; path = "../node_modules/react-native/Libraries/Settings/RCTSettings.xcodeproj"; sourceTree = "<group>"; };
		139FDEE61B06529A00C62182 /* RCTWebSocket.xcodeproj */ = {isa = PBXFileReference; lastKnownFileType = "wrapper.pb-project"; name = RCTWebSocket.xcodeproj; path = "../node_modules/react-native/Libraries/WebSocket/RCTWebSocket.xcodeproj"; sourceTree = "<group>"; };
		13B07F961A680F5B00A75B9A /* Mapka3.app */ = {isa = PBXFileReference; explicitFileType = wrapper.application; includeInIndex = 0; path = Mapka3.app; sourceTree = BUILT_PRODUCTS_DIR; };
		13B07FAF1A68108700A75B9A /* AppDelegate.h */ = {isa = PBXFileReference; fileEncoding = 4; lastKnownFileType = sourcecode.c.h; name = AppDelegate.h; path = Mapka3/AppDelegate.h; sourceTree = "<group>"; };
		13B07FB01A68108700A75B9A /* AppDelegate.m */ = {isa = PBXFileReference; fileEncoding = 4; lastKnownFileType = sourcecode.c.objc; name = AppDelegate.m; path = Mapka3/AppDelegate.m; sourceTree = "<group>"; };
		13B07FB21A68108700A75B9A /* Base */ = {isa = PBXFileReference; lastKnownFileType = file.xib; name = Base; path = Base.lproj/LaunchScreen.xib; sourceTree = "<group>"; };
		13B07FB51A68108700A75B9A /* Images.xcassets */ = {isa = PBXFileReference; lastKnownFileType = folder.assetcatalog; name = Images.xcassets; path = Mapka3/Images.xcassets; sourceTree = "<group>"; };
		13B07FB61A68108700A75B9A /* Info.plist */ = {isa = PBXFileReference; fileEncoding = 4; lastKnownFileType = text.plist.xml; name = Info.plist; path = Mapka3/Info.plist; sourceTree = "<group>"; };
		13B07FB71A68108700A75B9A /* main.m */ = {isa = PBXFileReference; fileEncoding = 4; lastKnownFileType = sourcecode.c.objc; name = main.m; path = Mapka3/main.m; sourceTree = "<group>"; };
		146833FF1AC3E56700842450 /* React.xcodeproj */ = {isa = PBXFileReference; lastKnownFileType = "wrapper.pb-project"; name = React.xcodeproj; path = "../node_modules/react-native/React/React.xcodeproj"; sourceTree = "<group>"; };
		78C398B01ACF4ADC00677621 /* RCTLinking.xcodeproj */ = {isa = PBXFileReference; lastKnownFileType = "wrapper.pb-project"; name = RCTLinking.xcodeproj; path = "../node_modules/react-native/Libraries/LinkingIOS/RCTLinking.xcodeproj"; sourceTree = "<group>"; };
		832341B01AAA6A8300B99B32 /* RCTText.xcodeproj */ = {isa = PBXFileReference; lastKnownFileType = "wrapper.pb-project"; name = RCTText.xcodeproj; path = "../node_modules/react-native/Libraries/Text/RCTText.xcodeproj"; sourceTree = "<group>"; };
		C9C0720110AC65A5C31F3E00 /* Pods-Mapka3.debug.xcconfig */ = {isa = PBXFileReference; includeInIndex = 1; lastKnownFileType = text.xcconfig; name = "Pods-Mapka3.debug.xcconfig"; path = "Pods/Target Support Files/Pods-Mapka3/Pods-Mapka3.debug.xcconfig"; sourceTree = "<group>"; };
		D476CF551DC5D108006A2D5A /* AIRGMSMarker.h */ = {isa = PBXFileReference; fileEncoding = 4; lastKnownFileType = sourcecode.c.h; path = AIRGMSMarker.h; sourceTree = "<group>"; };
		D476CF561DC5D108006A2D5A /* AIRGMSMarker.m */ = {isa = PBXFileReference; fileEncoding = 4; lastKnownFileType = sourcecode.c.objc; path = AIRGMSMarker.m; sourceTree = "<group>"; };
		D476CF571DC5D108006A2D5A /* AIRGoogleMap.h */ = {isa = PBXFileReference; fileEncoding = 4; lastKnownFileType = sourcecode.c.h; path = AIRGoogleMap.h; sourceTree = "<group>"; };
		D476CF581DC5D108006A2D5A /* AIRGoogleMap.m */ = {isa = PBXFileReference; fileEncoding = 4; lastKnownFileType = sourcecode.c.objc; path = AIRGoogleMap.m; sourceTree = "<group>"; };
		D476CF591DC5D108006A2D5A /* AIRGoogleMapCallout.h */ = {isa = PBXFileReference; fileEncoding = 4; lastKnownFileType = sourcecode.c.h; path = AIRGoogleMapCallout.h; sourceTree = "<group>"; };
		D476CF5A1DC5D108006A2D5A /* AIRGoogleMapCallout.m */ = {isa = PBXFileReference; fileEncoding = 4; lastKnownFileType = sourcecode.c.objc; path = AIRGoogleMapCallout.m; sourceTree = "<group>"; };
		D476CF5B1DC5D108006A2D5A /* AIRGoogleMapCalloutManager.h */ = {isa = PBXFileReference; fileEncoding = 4; lastKnownFileType = sourcecode.c.h; path = AIRGoogleMapCalloutManager.h; sourceTree = "<group>"; };
		D476CF5C1DC5D108006A2D5A /* AIRGoogleMapCalloutManager.m */ = {isa = PBXFileReference; fileEncoding = 4; lastKnownFileType = sourcecode.c.objc; path = AIRGoogleMapCalloutManager.m; sourceTree = "<group>"; };
		D476CF5D1DC5D108006A2D5A /* AIRGoogleMapManager.h */ = {isa = PBXFileReference; fileEncoding = 4; lastKnownFileType = sourcecode.c.h; path = AIRGoogleMapManager.h; sourceTree = "<group>"; };
		D476CF5E1DC5D108006A2D5A /* AIRGoogleMapManager.m */ = {isa = PBXFileReference; fileEncoding = 4; lastKnownFileType = sourcecode.c.objc; path = AIRGoogleMapManager.m; sourceTree = "<group>"; };
		D476CF5F1DC5D108006A2D5A /* AIRGoogleMapMarker.h */ = {isa = PBXFileReference; fileEncoding = 4; lastKnownFileType = sourcecode.c.h; path = AIRGoogleMapMarker.h; sourceTree = "<group>"; };
		D476CF601DC5D108006A2D5A /* AIRGoogleMapMarker.m */ = {isa = PBXFileReference; fileEncoding = 4; lastKnownFileType = sourcecode.c.objc; path = AIRGoogleMapMarker.m; sourceTree = "<group>"; };
		D476CF611DC5D108006A2D5A /* AIRGoogleMapMarkerManager.h */ = {isa = PBXFileReference; fileEncoding = 4; lastKnownFileType = sourcecode.c.h; path = AIRGoogleMapMarkerManager.h; sourceTree = "<group>"; };
		D476CF621DC5D108006A2D5A /* AIRGoogleMapMarkerManager.m */ = {isa = PBXFileReference; fileEncoding = 4; lastKnownFileType = sourcecode.c.objc; path = AIRGoogleMapMarkerManager.m; sourceTree = "<group>"; };
		D476CF631DC5D108006A2D5A /* DummyView.h */ = {isa = PBXFileReference; fileEncoding = 4; lastKnownFileType = sourcecode.c.h; path = DummyView.h; sourceTree = "<group>"; };
		D476CF641DC5D108006A2D5A /* DummyView.m */ = {isa = PBXFileReference; fileEncoding = 4; lastKnownFileType = sourcecode.c.objc; path = DummyView.m; sourceTree = "<group>"; };
		D476CF7F1DC5D12A006A2D5A /* AIRMap.h */ = {isa = PBXFileReference; fileEncoding = 4; lastKnownFileType = sourcecode.c.h; path = AIRMap.h; sourceTree = "<group>"; };
		D476CF801DC5D12A006A2D5A /* AIRMap.m */ = {isa = PBXFileReference; fileEncoding = 4; lastKnownFileType = sourcecode.c.objc; path = AIRMap.m; sourceTree = "<group>"; };
		D476CF811DC5D12A006A2D5A /* AIRMapCallout.h */ = {isa = PBXFileReference; fileEncoding = 4; lastKnownFileType = sourcecode.c.h; path = AIRMapCallout.h; sourceTree = "<group>"; };
		D476CF821DC5D12A006A2D5A /* AIRMapCallout.m */ = {isa = PBXFileReference; fileEncoding = 4; lastKnownFileType = sourcecode.c.objc; path = AIRMapCallout.m; sourceTree = "<group>"; };
		D476CF831DC5D12A006A2D5A /* AIRMapCalloutManager.h */ = {isa = PBXFileReference; fileEncoding = 4; lastKnownFileType = sourcecode.c.h; path = AIRMapCalloutManager.h; sourceTree = "<group>"; };
		D476CF841DC5D12A006A2D5A /* AIRMapCalloutManager.m */ = {isa = PBXFileReference; fileEncoding = 4; lastKnownFileType = sourcecode.c.objc; path = AIRMapCalloutManager.m; sourceTree = "<group>"; };
		D476CF851DC5D12A006A2D5A /* AIRMapCircle.h */ = {isa = PBXFileReference; fileEncoding = 4; lastKnownFileType = sourcecode.c.h; path = AIRMapCircle.h; sourceTree = "<group>"; };
		D476CF861DC5D12A006A2D5A /* AIRMapCircle.m */ = {isa = PBXFileReference; fileEncoding = 4; lastKnownFileType = sourcecode.c.objc; path = AIRMapCircle.m; sourceTree = "<group>"; };
		D476CF871DC5D12A006A2D5A /* AIRMapCircleManager.h */ = {isa = PBXFileReference; fileEncoding = 4; lastKnownFileType = sourcecode.c.h; path = AIRMapCircleManager.h; sourceTree = "<group>"; };
		D476CF881DC5D12A006A2D5A /* AIRMapCircleManager.m */ = {isa = PBXFileReference; fileEncoding = 4; lastKnownFileType = sourcecode.c.objc; path = AIRMapCircleManager.m; sourceTree = "<group>"; };
		D476CF891DC5D12A006A2D5A /* AIRMapCoordinate.h */ = {isa = PBXFileReference; fileEncoding = 4; lastKnownFileType = sourcecode.c.h; path = AIRMapCoordinate.h; sourceTree = "<group>"; };
		D476CF8A1DC5D12A006A2D5A /* AIRMapCoordinate.m */ = {isa = PBXFileReference; fileEncoding = 4; lastKnownFileType = sourcecode.c.objc; path = AIRMapCoordinate.m; sourceTree = "<group>"; };
		D476CF8B1DC5D12A006A2D5A /* AIRMapManager.h */ = {isa = PBXFileReference; fileEncoding = 4; lastKnownFileType = sourcecode.c.h; path = AIRMapManager.h; sourceTree = "<group>"; };
		D476CF8C1DC5D12A006A2D5A /* AIRMapManager.m */ = {isa = PBXFileReference; fileEncoding = 4; lastKnownFileType = sourcecode.c.objc; path = AIRMapManager.m; sourceTree = "<group>"; };
		D476CF8D1DC5D12A006A2D5A /* AIRMapMarker.h */ = {isa = PBXFileReference; fileEncoding = 4; lastKnownFileType = sourcecode.c.h; path = AIRMapMarker.h; sourceTree = "<group>"; };
		D476CF8E1DC5D12A006A2D5A /* AIRMapMarker.m */ = {isa = PBXFileReference; fileEncoding = 4; lastKnownFileType = sourcecode.c.objc; path = AIRMapMarker.m; sourceTree = "<group>"; };
		D476CF8F1DC5D12A006A2D5A /* AIRMapMarkerManager.h */ = {isa = PBXFileReference; fileEncoding = 4; lastKnownFileType = sourcecode.c.h; path = AIRMapMarkerManager.h; sourceTree = "<group>"; };
		D476CF901DC5D12A006A2D5A /* AIRMapMarkerManager.m */ = {isa = PBXFileReference; fileEncoding = 4; lastKnownFileType = sourcecode.c.objc; path = AIRMapMarkerManager.m; sourceTree = "<group>"; };
		D476CF911DC5D12A006A2D5A /* AIRMapPolygon.h */ = {isa = PBXFileReference; fileEncoding = 4; lastKnownFileType = sourcecode.c.h; path = AIRMapPolygon.h; sourceTree = "<group>"; };
		D476CF921DC5D12A006A2D5A /* AIRMapPolygon.m */ = {isa = PBXFileReference; fileEncoding = 4; lastKnownFileType = sourcecode.c.objc; path = AIRMapPolygon.m; sourceTree = "<group>"; };
		D476CF931DC5D12A006A2D5A /* AIRMapPolygonManager.h */ = {isa = PBXFileReference; fileEncoding = 4; lastKnownFileType = sourcecode.c.h; path = AIRMapPolygonManager.h; sourceTree = "<group>"; };
		D476CF941DC5D12A006A2D5A /* AIRMapPolygonManager.m */ = {isa = PBXFileReference; fileEncoding = 4; lastKnownFileType = sourcecode.c.objc; path = AIRMapPolygonManager.m; sourceTree = "<group>"; };
		D476CF951DC5D12A006A2D5A /* AIRMapPolyline.h */ = {isa = PBXFileReference; fileEncoding = 4; lastKnownFileType = sourcecode.c.h; path = AIRMapPolyline.h; sourceTree = "<group>"; };
		D476CF961DC5D12A006A2D5A /* AIRMapPolyline.m */ = {isa = PBXFileReference; fileEncoding = 4; lastKnownFileType = sourcecode.c.objc; path = AIRMapPolyline.m; sourceTree = "<group>"; };
		D476CF971DC5D12A006A2D5A /* AIRMapPolylineManager.h */ = {isa = PBXFileReference; fileEncoding = 4; lastKnownFileType = sourcecode.c.h; path = AIRMapPolylineManager.h; sourceTree = "<group>"; };
		D476CF981DC5D12A006A2D5A /* AIRMapPolylineManager.m */ = {isa = PBXFileReference; fileEncoding = 4; lastKnownFileType = sourcecode.c.objc; path = AIRMapPolylineManager.m; sourceTree = "<group>"; };
		D476CF991DC5D12A006A2D5A /* AIRMapSnapshot.h */ = {isa = PBXFileReference; fileEncoding = 4; lastKnownFileType = sourcecode.c.h; path = AIRMapSnapshot.h; sourceTree = "<group>"; };
		D476CF9A1DC5D12A006A2D5A /* AIRMapUrlTile.h */ = {isa = PBXFileReference; fileEncoding = 4; lastKnownFileType = sourcecode.c.h; path = AIRMapUrlTile.h; sourceTree = "<group>"; };
		D476CF9B1DC5D12A006A2D5A /* AIRMapUrlTile.m */ = {isa = PBXFileReference; fileEncoding = 4; lastKnownFileType = sourcecode.c.objc; path = AIRMapUrlTile.m; sourceTree = "<group>"; };
		D476CF9C1DC5D12A006A2D5A /* AIRMapUrlTileManager.h */ = {isa = PBXFileReference; fileEncoding = 4; lastKnownFileType = sourcecode.c.h; path = AIRMapUrlTileManager.h; sourceTree = "<group>"; };
		D476CF9D1DC5D12A006A2D5A /* AIRMapUrlTileManager.m */ = {isa = PBXFileReference; fileEncoding = 4; lastKnownFileType = sourcecode.c.objc; path = AIRMapUrlTileManager.m; sourceTree = "<group>"; };
		D476CF9F1DC5D12A006A2D5A /* SMCalloutView.h */ = {isa = PBXFileReference; fileEncoding = 4; lastKnownFileType = sourcecode.c.h; path = SMCalloutView.h; sourceTree = "<group>"; };
		D476CFA01DC5D12A006A2D5A /* SMCalloutView.m */ = {isa = PBXFileReference; fileEncoding = 4; lastKnownFileType = sourcecode.c.objc; path = SMCalloutView.m; sourceTree = "<group>"; };
		D476CFA11DC5D12A006A2D5A /* RCTConvert+MoreMapKit.h */ = {isa = PBXFileReference; fileEncoding = 4; lastKnownFileType = sourcecode.c.h; path = "RCTConvert+MoreMapKit.h"; sourceTree = "<group>"; };
		D476CFA21DC5D12A006A2D5A /* RCTConvert+MoreMapKit.m */ = {isa = PBXFileReference; fileEncoding = 4; lastKnownFileType = sourcecode.c.objc; path = "RCTConvert+MoreMapKit.m"; sourceTree = "<group>"; };
		FC39B5E43C940A08AAB32889 /* Pods-Mapka3.release.xcconfig */ = {isa = PBXFileReference; includeInIndex = 1; lastKnownFileType = text.xcconfig; name = "Pods-Mapka3.release.xcconfig"; path = "Pods/Target Support Files/Pods-Mapka3/Pods-Mapka3.release.xcconfig"; sourceTree = "<group>"; };
/* End PBXFileReference section */

/* Begin PBXFrameworksBuildPhase section */
		00E356EB1AD99517003FC87E /* Frameworks */ = {
			isa = PBXFrameworksBuildPhase;
			buildActionMask = 2147483647;
			files = (
				140ED2AC1D01E1AD002B40FF /* libReact.a in Frameworks */,
			);
			runOnlyForDeploymentPostprocessing = 0;
		};
		13B07F8C1A680F5B00A75B9A /* Frameworks */ = {
			isa = PBXFrameworksBuildPhase;
			buildActionMask = 2147483647;
			files = (
				146834051AC3E58100842450 /* libReact.a in Frameworks */,
				00C302E51ABCBA2D00DB3ED1 /* libRCTActionSheet.a in Frameworks */,
				00C302E71ABCBA2D00DB3ED1 /* libRCTGeolocation.a in Frameworks */,
				00C302E81ABCBA2D00DB3ED1 /* libRCTImage.a in Frameworks */,
				133E29F31AD74F7200F7D852 /* libRCTLinking.a in Frameworks */,
				00C302E91ABCBA2D00DB3ED1 /* libRCTNetwork.a in Frameworks */,
				139105C61AF99C1200B5F7CC /* libRCTSettings.a in Frameworks */,
				832341BD1AAA6AB300B99B32 /* libRCTText.a in Frameworks */,
				00C302EA1ABCBA2D00DB3ED1 /* libRCTVibration.a in Frameworks */,
				139FDEF61B0652A700C62182 /* libRCTWebSocket.a in Frameworks */,
				15314A08364FB5541B20B548 /* Pods_Mapka3.framework in Frameworks */,
			);
			runOnlyForDeploymentPostprocessing = 0;
		};
/* End PBXFrameworksBuildPhase section */

/* Begin PBXGroup section */
		00C302A81ABCB8CE00DB3ED1 /* Products */ = {
			isa = PBXGroup;
			children = (
				00C302AC1ABCB8CE00DB3ED1 /* libRCTActionSheet.a */,
			);
			name = Products;
			sourceTree = "<group>";
		};
		00C302B61ABCB90400DB3ED1 /* Products */ = {
			isa = PBXGroup;
			children = (
				00C302BA1ABCB90400DB3ED1 /* libRCTGeolocation.a */,
			);
			name = Products;
			sourceTree = "<group>";
		};
		00C302BC1ABCB91800DB3ED1 /* Products */ = {
			isa = PBXGroup;
			children = (
				00C302C01ABCB91800DB3ED1 /* libRCTImage.a */,
				D43205B51DC5D0DC000EC298 /* libRCTImage-tvOS.a */,
			);
			name = Products;
			sourceTree = "<group>";
		};
		00C302D41ABCB9D200DB3ED1 /* Products */ = {
			isa = PBXGroup;
			children = (
				00C302DC1ABCB9D200DB3ED1 /* libRCTNetwork.a */,
				D43205BD1DC5D0DC000EC298 /* libRCTNetwork-tvOS.a */,
			);
			name = Products;
			sourceTree = "<group>";
		};
		00C302E01ABCB9EE00DB3ED1 /* Products */ = {
			isa = PBXGroup;
			children = (
				00C302E41ABCB9EE00DB3ED1 /* libRCTVibration.a */,
			);
			name = Products;
			sourceTree = "<group>";
		};
		00E356EF1AD99517003FC87E /* Mapka3Tests */ = {
			isa = PBXGroup;
			children = (
				00E356F21AD99517003FC87E /* Mapka3Tests.m */,
				00E356F01AD99517003FC87E /* Supporting Files */,
			);
			path = Mapka3Tests;
			sourceTree = "<group>";
		};
		00E356F01AD99517003FC87E /* Supporting Files */ = {
			isa = PBXGroup;
			children = (
				00E356F11AD99517003FC87E /* Info.plist */,
			);
			name = "Supporting Files";
			sourceTree = "<group>";
		};
		05FE1F130AA3A44DAE83471F /* Pods */ = {
			isa = PBXGroup;
			children = (
				C9C0720110AC65A5C31F3E00 /* Pods-Mapka3.debug.xcconfig */,
				FC39B5E43C940A08AAB32889 /* Pods-Mapka3.release.xcconfig */,
			);
			name = Pods;
			sourceTree = "<group>";
		};
		139105B71AF99BAD00B5F7CC /* Products */ = {
			isa = PBXGroup;
			children = (
				139105C11AF99BAD00B5F7CC /* libRCTSettings.a */,
				D43205C11DC5D0DC000EC298 /* libRCTSettings-tvOS.a */,
			);
			name = Products;
			sourceTree = "<group>";
		};
		139FDEE71B06529A00C62182 /* Products */ = {
			isa = PBXGroup;
			children = (
				139FDEF41B06529B00C62182 /* libRCTWebSocket.a */,
				D43205CA1DC5D0DC000EC298 /* libRCTWebSocket-tvOS.a */,
			);
			name = Products;
			sourceTree = "<group>";
		};
		13B07FAE1A68108700A75B9A /* Mapka3 */ = {
			isa = PBXGroup;
			children = (
				008F07F21AC5B25A0029DE68 /* main.jsbundle */,
				13B07FAF1A68108700A75B9A /* AppDelegate.h */,
				13B07FB01A68108700A75B9A /* AppDelegate.m */,
				13B07FB51A68108700A75B9A /* Images.xcassets */,
				13B07FB61A68108700A75B9A /* Info.plist */,
				13B07FB11A68108700A75B9A /* LaunchScreen.xib */,
				13B07FB71A68108700A75B9A /* main.m */,
			);
			name = Mapka3;
			sourceTree = "<group>";
		};
		146834001AC3E56700842450 /* Products */ = {
			isa = PBXGroup;
			children = (
				146834041AC3E56700842450 /* libReact.a */,
				D43205CE1DC5D0DC000EC298 /* libReact-tvOS.a */,
			);
			name = Products;
			sourceTree = "<group>";
		};
		43AB0478A6279E5A761BA8F3 /* Frameworks */ = {
			isa = PBXGroup;
			children = (
				01534340016F7ED62F2D834C /* Pods_Mapka3.framework */,
			);
			name = Frameworks;
			sourceTree = "<group>";
		};
		78C398B11ACF4ADC00677621 /* Products */ = {
			isa = PBXGroup;
			children = (
				78C398B91ACF4ADC00677621 /* libRCTLinking.a */,
				D43205B91DC5D0DC000EC298 /* libRCTLinking-tvOS.a */,
			);
			name = Products;
			sourceTree = "<group>";
		};
		832341AE1AAA6A7D00B99B32 /* Libraries */ = {
			isa = PBXGroup;
			children = (
				146833FF1AC3E56700842450 /* React.xcodeproj */,
				00C302A71ABCB8CE00DB3ED1 /* RCTActionSheet.xcodeproj */,
				00C302B51ABCB90400DB3ED1 /* RCTGeolocation.xcodeproj */,
				00C302BB1ABCB91800DB3ED1 /* RCTImage.xcodeproj */,
				78C398B01ACF4ADC00677621 /* RCTLinking.xcodeproj */,
				00C302D31ABCB9D200DB3ED1 /* RCTNetwork.xcodeproj */,
				139105B61AF99BAD00B5F7CC /* RCTSettings.xcodeproj */,
				832341B01AAA6A8300B99B32 /* RCTText.xcodeproj */,
				00C302DF1ABCB9EE00DB3ED1 /* RCTVibration.xcodeproj */,
				139FDEE61B06529A00C62182 /* RCTWebSocket.xcodeproj */,
			);
			name = Libraries;
			sourceTree = "<group>";
		};
		832341B11AAA6A8300B99B32 /* Products */ = {
			isa = PBXGroup;
			children = (
				832341B51AAA6A8300B99B32 /* libRCTText.a */,
				D43205C51DC5D0DC000EC298 /* libRCTText-tvOS.a */,
			);
			name = Products;
			sourceTree = "<group>";
		};
		83CBB9F61A601CBA00E9B192 = {
			isa = PBXGroup;
			children = (
				D476CF7E1DC5D12A006A2D5A /* AirMaps */,
				D476CF541DC5D108006A2D5A /* AirGoogleMaps */,
				13B07FAE1A68108700A75B9A /* Mapka3 */,
				832341AE1AAA6A7D00B99B32 /* Libraries */,
				00E356EF1AD99517003FC87E /* Mapka3Tests */,
				83CBBA001A601CBA00E9B192 /* Products */,
				05FE1F130AA3A44DAE83471F /* Pods */,
				43AB0478A6279E5A761BA8F3 /* Frameworks */,
			);
			indentWidth = 2;
			sourceTree = "<group>";
			tabWidth = 2;
		};
		83CBBA001A601CBA00E9B192 /* Products */ = {
			isa = PBXGroup;
			children = (
				13B07F961A680F5B00A75B9A /* Mapka3.app */,
				00E356EE1AD99517003FC87E /* Mapka3Tests.xctest */,
			);
			name = Products;
			sourceTree = "<group>";
		};
		D476CF541DC5D108006A2D5A /* AirGoogleMaps */ = {
			isa = PBXGroup;
			children = (
				D476CF551DC5D108006A2D5A /* AIRGMSMarker.h */,
				D476CF561DC5D108006A2D5A /* AIRGMSMarker.m */,
				D476CF571DC5D108006A2D5A /* AIRGoogleMap.h */,
				D476CF581DC5D108006A2D5A /* AIRGoogleMap.m */,
				D476CF591DC5D108006A2D5A /* AIRGoogleMapCallout.h */,
				D476CF5A1DC5D108006A2D5A /* AIRGoogleMapCallout.m */,
				D476CF5B1DC5D108006A2D5A /* AIRGoogleMapCalloutManager.h */,
				D476CF5C1DC5D108006A2D5A /* AIRGoogleMapCalloutManager.m */,
				D476CF5D1DC5D108006A2D5A /* AIRGoogleMapManager.h */,
				D476CF5E1DC5D108006A2D5A /* AIRGoogleMapManager.m */,
				D476CF5F1DC5D108006A2D5A /* AIRGoogleMapMarker.h */,
				D476CF601DC5D108006A2D5A /* AIRGoogleMapMarker.m */,
				D476CF611DC5D108006A2D5A /* AIRGoogleMapMarkerManager.h */,
				D476CF621DC5D108006A2D5A /* AIRGoogleMapMarkerManager.m */,
				D476CF631DC5D108006A2D5A /* DummyView.h */,
				D476CF641DC5D108006A2D5A /* DummyView.m */,
			);
			name = AirGoogleMaps;
			path = "../node_modules/react-native-maps/ios/AirGoogleMaps";
			sourceTree = "<group>";
		};
		D476CF7E1DC5D12A006A2D5A /* AirMaps */ = {
			isa = PBXGroup;
			children = (
				D476CF7F1DC5D12A006A2D5A /* AIRMap.h */,
				D476CF801DC5D12A006A2D5A /* AIRMap.m */,
				D476CF811DC5D12A006A2D5A /* AIRMapCallout.h */,
				D476CF821DC5D12A006A2D5A /* AIRMapCallout.m */,
				D476CF831DC5D12A006A2D5A /* AIRMapCalloutManager.h */,
				D476CF841DC5D12A006A2D5A /* AIRMapCalloutManager.m */,
				D476CF851DC5D12A006A2D5A /* AIRMapCircle.h */,
				D476CF861DC5D12A006A2D5A /* AIRMapCircle.m */,
				D476CF871DC5D12A006A2D5A /* AIRMapCircleManager.h */,
				D476CF881DC5D12A006A2D5A /* AIRMapCircleManager.m */,
				D476CF891DC5D12A006A2D5A /* AIRMapCoordinate.h */,
				D476CF8A1DC5D12A006A2D5A /* AIRMapCoordinate.m */,
				D476CF8B1DC5D12A006A2D5A /* AIRMapManager.h */,
				D476CF8C1DC5D12A006A2D5A /* AIRMapManager.m */,
				D476CF8D1DC5D12A006A2D5A /* AIRMapMarker.h */,
				D476CF8E1DC5D12A006A2D5A /* AIRMapMarker.m */,
				D476CF8F1DC5D12A006A2D5A /* AIRMapMarkerManager.h */,
				D476CF901DC5D12A006A2D5A /* AIRMapMarkerManager.m */,
				D476CF911DC5D12A006A2D5A /* AIRMapPolygon.h */,
				D476CF921DC5D12A006A2D5A /* AIRMapPolygon.m */,
				D476CF931DC5D12A006A2D5A /* AIRMapPolygonManager.h */,
				D476CF941DC5D12A006A2D5A /* AIRMapPolygonManager.m */,
				D476CF951DC5D12A006A2D5A /* AIRMapPolyline.h */,
				D476CF961DC5D12A006A2D5A /* AIRMapPolyline.m */,
				D476CF971DC5D12A006A2D5A /* AIRMapPolylineManager.h */,
				D476CF981DC5D12A006A2D5A /* AIRMapPolylineManager.m */,
				D476CF991DC5D12A006A2D5A /* AIRMapSnapshot.h */,
				D476CF9A1DC5D12A006A2D5A /* AIRMapUrlTile.h */,
				D476CF9B1DC5D12A006A2D5A /* AIRMapUrlTile.m */,
				D476CF9C1DC5D12A006A2D5A /* AIRMapUrlTileManager.h */,
				D476CF9D1DC5D12A006A2D5A /* AIRMapUrlTileManager.m */,
				D476CF9E1DC5D12A006A2D5A /* Callout */,
				D476CFA11DC5D12A006A2D5A /* RCTConvert+MoreMapKit.h */,
				D476CFA21DC5D12A006A2D5A /* RCTConvert+MoreMapKit.m */,
			);
			name = AirMaps;
			path = "../node_modules/react-native-maps/ios/AirMaps";
			sourceTree = "<group>";
		};
		D476CF9E1DC5D12A006A2D5A /* Callout */ = {
			isa = PBXGroup;
			children = (
				D476CF9F1DC5D12A006A2D5A /* SMCalloutView.h */,
				D476CFA01DC5D12A006A2D5A /* SMCalloutView.m */,
			);
			path = Callout;
			sourceTree = "<group>";
		};
/* End PBXGroup section */

/* Begin PBXNativeTarget section */
		00E356ED1AD99517003FC87E /* Mapka3Tests */ = {
			isa = PBXNativeTarget;
			buildConfigurationList = 00E357021AD99517003FC87E /* Build configuration list for PBXNativeTarget "Mapka3Tests" */;
			buildPhases = (
				00E356EA1AD99517003FC87E /* Sources */,
				00E356EB1AD99517003FC87E /* Frameworks */,
				00E356EC1AD99517003FC87E /* Resources */,
			);
			buildRules = (
			);
			dependencies = (
				00E356F51AD99517003FC87E /* PBXTargetDependency */,
			);
			name = Mapka3Tests;
			productName = Mapka3Tests;
			productReference = 00E356EE1AD99517003FC87E /* Mapka3Tests.xctest */;
			productType = "com.apple.product-type.bundle.unit-test";
		};
		13B07F861A680F5B00A75B9A /* Mapka3 */ = {
			isa = PBXNativeTarget;
			buildConfigurationList = 13B07F931A680F5B00A75B9A /* Build configuration list for PBXNativeTarget "Mapka3" */;
			buildPhases = (
				FF328F5D1B02CFA52E079A2A /* [CP] Check Pods Manifest.lock */,
				13B07F871A680F5B00A75B9A /* Sources */,
				13B07F8C1A680F5B00A75B9A /* Frameworks */,
				13B07F8E1A680F5B00A75B9A /* Resources */,
				00DD1BFF1BD5951E006B06BC /* Bundle React Native code and images */,
				7E63034FC92C31998B49A089 /* [CP] Embed Pods Frameworks */,
				C77A8B3B6F27CDE12256C7FC /* [CP] Copy Pods Resources */,
			);
			buildRules = (
			);
			dependencies = (
			);
			name = Mapka3;
			productName = "Hello World";
			productReference = 13B07F961A680F5B00A75B9A /* Mapka3.app */;
			productType = "com.apple.product-type.application";
		};
/* End PBXNativeTarget section */

/* Begin PBXProject section */
		83CBB9F71A601CBA00E9B192 /* Project object */ = {
			isa = PBXProject;
			attributes = {
				LastUpgradeCheck = 0610;
				ORGANIZATIONNAME = Facebook;
				TargetAttributes = {
					00E356ED1AD99517003FC87E = {
						CreatedOnToolsVersion = 6.2;
						TestTargetID = 13B07F861A680F5B00A75B9A;
					};
				};
			};
			buildConfigurationList = 83CBB9FA1A601CBA00E9B192 /* Build configuration list for PBXProject "Mapka3" */;
			compatibilityVersion = "Xcode 3.2";
			developmentRegion = English;
			hasScannedForEncodings = 0;
			knownRegions = (
				en,
				Base,
			);
			mainGroup = 83CBB9F61A601CBA00E9B192;
			productRefGroup = 83CBBA001A601CBA00E9B192 /* Products */;
			projectDirPath = "";
			projectReferences = (
				{
					ProductGroup = 00C302A81ABCB8CE00DB3ED1 /* Products */;
					ProjectRef = 00C302A71ABCB8CE00DB3ED1 /* RCTActionSheet.xcodeproj */;
				},
				{
					ProductGroup = 00C302B61ABCB90400DB3ED1 /* Products */;
					ProjectRef = 00C302B51ABCB90400DB3ED1 /* RCTGeolocation.xcodeproj */;
				},
				{
					ProductGroup = 00C302BC1ABCB91800DB3ED1 /* Products */;
					ProjectRef = 00C302BB1ABCB91800DB3ED1 /* RCTImage.xcodeproj */;
				},
				{
					ProductGroup = 78C398B11ACF4ADC00677621 /* Products */;
					ProjectRef = 78C398B01ACF4ADC00677621 /* RCTLinking.xcodeproj */;
				},
				{
					ProductGroup = 00C302D41ABCB9D200DB3ED1 /* Products */;
					ProjectRef = 00C302D31ABCB9D200DB3ED1 /* RCTNetwork.xcodeproj */;
				},
				{
					ProductGroup = 139105B71AF99BAD00B5F7CC /* Products */;
					ProjectRef = 139105B61AF99BAD00B5F7CC /* RCTSettings.xcodeproj */;
				},
				{
					ProductGroup = 832341B11AAA6A8300B99B32 /* Products */;
					ProjectRef = 832341B01AAA6A8300B99B32 /* RCTText.xcodeproj */;
				},
				{
					ProductGroup = 00C302E01ABCB9EE00DB3ED1 /* Products */;
					ProjectRef = 00C302DF1ABCB9EE00DB3ED1 /* RCTVibration.xcodeproj */;
				},
				{
					ProductGroup = 139FDEE71B06529A00C62182 /* Products */;
					ProjectRef = 139FDEE61B06529A00C62182 /* RCTWebSocket.xcodeproj */;
				},
				{
					ProductGroup = 146834001AC3E56700842450 /* Products */;
					ProjectRef = 146833FF1AC3E56700842450 /* React.xcodeproj */;
				},
			);
			projectRoot = "";
			targets = (
				13B07F861A680F5B00A75B9A /* Mapka3 */,
				00E356ED1AD99517003FC87E /* Mapka3Tests */,
			);
		};
/* End PBXProject section */

/* Begin PBXReferenceProxy section */
		00C302AC1ABCB8CE00DB3ED1 /* libRCTActionSheet.a */ = {
			isa = PBXReferenceProxy;
			fileType = archive.ar;
			path = libRCTActionSheet.a;
			remoteRef = 00C302AB1ABCB8CE00DB3ED1 /* PBXContainerItemProxy */;
			sourceTree = BUILT_PRODUCTS_DIR;
		};
		00C302BA1ABCB90400DB3ED1 /* libRCTGeolocation.a */ = {
			isa = PBXReferenceProxy;
			fileType = archive.ar;
			path = libRCTGeolocation.a;
			remoteRef = 00C302B91ABCB90400DB3ED1 /* PBXContainerItemProxy */;
			sourceTree = BUILT_PRODUCTS_DIR;
		};
		00C302C01ABCB91800DB3ED1 /* libRCTImage.a */ = {
			isa = PBXReferenceProxy;
			fileType = archive.ar;
			path = libRCTImage.a;
			remoteRef = 00C302BF1ABCB91800DB3ED1 /* PBXContainerItemProxy */;
			sourceTree = BUILT_PRODUCTS_DIR;
		};
		00C302DC1ABCB9D200DB3ED1 /* libRCTNetwork.a */ = {
			isa = PBXReferenceProxy;
			fileType = archive.ar;
			path = libRCTNetwork.a;
			remoteRef = 00C302DB1ABCB9D200DB3ED1 /* PBXContainerItemProxy */;
			sourceTree = BUILT_PRODUCTS_DIR;
		};
		00C302E41ABCB9EE00DB3ED1 /* libRCTVibration.a */ = {
			isa = PBXReferenceProxy;
			fileType = archive.ar;
			path = libRCTVibration.a;
			remoteRef = 00C302E31ABCB9EE00DB3ED1 /* PBXContainerItemProxy */;
			sourceTree = BUILT_PRODUCTS_DIR;
		};
		139105C11AF99BAD00B5F7CC /* libRCTSettings.a */ = {
			isa = PBXReferenceProxy;
			fileType = archive.ar;
			path = libRCTSettings.a;
			remoteRef = 139105C01AF99BAD00B5F7CC /* PBXContainerItemProxy */;
			sourceTree = BUILT_PRODUCTS_DIR;
		};
		139FDEF41B06529B00C62182 /* libRCTWebSocket.a */ = {
			isa = PBXReferenceProxy;
			fileType = archive.ar;
			path = libRCTWebSocket.a;
			remoteRef = 139FDEF31B06529B00C62182 /* PBXContainerItemProxy */;
			sourceTree = BUILT_PRODUCTS_DIR;
		};
		146834041AC3E56700842450 /* libReact.a */ = {
			isa = PBXReferenceProxy;
			fileType = archive.ar;
			path = libReact.a;
			remoteRef = 146834031AC3E56700842450 /* PBXContainerItemProxy */;
			sourceTree = BUILT_PRODUCTS_DIR;
		};
		78C398B91ACF4ADC00677621 /* libRCTLinking.a */ = {
			isa = PBXReferenceProxy;
			fileType = archive.ar;
			path = libRCTLinking.a;
			remoteRef = 78C398B81ACF4ADC00677621 /* PBXContainerItemProxy */;
			sourceTree = BUILT_PRODUCTS_DIR;
		};
		832341B51AAA6A8300B99B32 /* libRCTText.a */ = {
			isa = PBXReferenceProxy;
			fileType = archive.ar;
			path = libRCTText.a;
			remoteRef = 832341B41AAA6A8300B99B32 /* PBXContainerItemProxy */;
			sourceTree = BUILT_PRODUCTS_DIR;
		};
		D43205B51DC5D0DC000EC298 /* libRCTImage-tvOS.a */ = {
			isa = PBXReferenceProxy;
			fileType = archive.ar;
			path = "libRCTImage-tvOS.a";
			remoteRef = D43205B41DC5D0DC000EC298 /* PBXContainerItemProxy */;
			sourceTree = BUILT_PRODUCTS_DIR;
		};
		D43205B91DC5D0DC000EC298 /* libRCTLinking-tvOS.a */ = {
			isa = PBXReferenceProxy;
			fileType = archive.ar;
			path = "libRCTLinking-tvOS.a";
			remoteRef = D43205B81DC5D0DC000EC298 /* PBXContainerItemProxy */;
			sourceTree = BUILT_PRODUCTS_DIR;
		};
		D43205BD1DC5D0DC000EC298 /* libRCTNetwork-tvOS.a */ = {
			isa = PBXReferenceProxy;
			fileType = archive.ar;
			path = "libRCTNetwork-tvOS.a";
			remoteRef = D43205BC1DC5D0DC000EC298 /* PBXContainerItemProxy */;
			sourceTree = BUILT_PRODUCTS_DIR;
		};
		D43205C11DC5D0DC000EC298 /* libRCTSettings-tvOS.a */ = {
			isa = PBXReferenceProxy;
			fileType = archive.ar;
			path = "libRCTSettings-tvOS.a";
			remoteRef = D43205C01DC5D0DC000EC298 /* PBXContainerItemProxy */;
			sourceTree = BUILT_PRODUCTS_DIR;
		};
		D43205C51DC5D0DC000EC298 /* libRCTText-tvOS.a */ = {
			isa = PBXReferenceProxy;
			fileType = archive.ar;
			path = "libRCTText-tvOS.a";
			remoteRef = D43205C41DC5D0DC000EC298 /* PBXContainerItemProxy */;
			sourceTree = BUILT_PRODUCTS_DIR;
		};
		D43205CA1DC5D0DC000EC298 /* libRCTWebSocket-tvOS.a */ = {
			isa = PBXReferenceProxy;
			fileType = archive.ar;
			path = "libRCTWebSocket-tvOS.a";
			remoteRef = D43205C91DC5D0DC000EC298 /* PBXContainerItemProxy */;
			sourceTree = BUILT_PRODUCTS_DIR;
		};
		D43205CE1DC5D0DC000EC298 /* libReact-tvOS.a */ = {
			isa = PBXReferenceProxy;
			fileType = archive.ar;
			path = "libReact-tvOS.a";
			remoteRef = D43205CD1DC5D0DC000EC298 /* PBXContainerItemProxy */;
			sourceTree = BUILT_PRODUCTS_DIR;
		};
/* End PBXReferenceProxy section */

/* Begin PBXResourcesBuildPhase section */
		00E356EC1AD99517003FC87E /* Resources */ = {
			isa = PBXResourcesBuildPhase;
			buildActionMask = 2147483647;
			files = (
			);
			runOnlyForDeploymentPostprocessing = 0;
		};
		13B07F8E1A680F5B00A75B9A /* Resources */ = {
			isa = PBXResourcesBuildPhase;
			buildActionMask = 2147483647;
			files = (
				13B07FBF1A68108700A75B9A /* Images.xcassets in Resources */,
				13B07FBD1A68108700A75B9A /* LaunchScreen.xib in Resources */,
			);
			runOnlyForDeploymentPostprocessing = 0;
		};
/* End PBXResourcesBuildPhase section */

/* Begin PBXShellScriptBuildPhase section */
		00DD1BFF1BD5951E006B06BC /* Bundle React Native code and images */ = {
			isa = PBXShellScriptBuildPhase;
			buildActionMask = 2147483647;
			files = (
			);
			inputPaths = (
			);
			name = "Bundle React Native code and images";
			outputPaths = (
			);
			runOnlyForDeploymentPostprocessing = 0;
			shellPath = /bin/sh;
			shellScript = "export NODE_BINARY=node\n../node_modules/react-native/packager/react-native-xcode.sh";
		};
		7E63034FC92C31998B49A089 /* [CP] Embed Pods Frameworks */ = {
			isa = PBXShellScriptBuildPhase;
			buildActionMask = 2147483647;
			files = (
			);
			inputPaths = (
			);
			name = "[CP] Embed Pods Frameworks";
			outputPaths = (
			);
			runOnlyForDeploymentPostprocessing = 0;
			shellPath = /bin/sh;
			shellScript = "\"${SRCROOT}/Pods/Target Support Files/Pods-Mapka3/Pods-Mapka3-frameworks.sh\"\n";
			showEnvVarsInLog = 0;
		};
		C77A8B3B6F27CDE12256C7FC /* [CP] Copy Pods Resources */ = {
			isa = PBXShellScriptBuildPhase;
			buildActionMask = 2147483647;
			files = (
			);
			inputPaths = (
			);
			name = "[CP] Copy Pods Resources";
			outputPaths = (
			);
			runOnlyForDeploymentPostprocessing = 0;
			shellPath = /bin/sh;
			shellScript = "\"${SRCROOT}/Pods/Target Support Files/Pods-Mapka3/Pods-Mapka3-resources.sh\"\n";
			showEnvVarsInLog = 0;
		};
		FF328F5D1B02CFA52E079A2A /* [CP] Check Pods Manifest.lock */ = {
			isa = PBXShellScriptBuildPhase;
			buildActionMask = 2147483647;
			files = (
			);
			inputPaths = (
			);
			name = "[CP] Check Pods Manifest.lock";
			outputPaths = (
			);
			runOnlyForDeploymentPostprocessing = 0;
			shellPath = /bin/sh;
			shellScript = "diff \"${PODS_ROOT}/../Podfile.lock\" \"${PODS_ROOT}/Manifest.lock\" > /dev/null\nif [ $? != 0 ] ; then\n    # print error to STDERR\n    echo \"error: The sandbox is not in sync with the Podfile.lock. Run 'pod install' or update your CocoaPods installation.\" >&2\n    exit 1\nfi\n";
			showEnvVarsInLog = 0;
		};
/* End PBXShellScriptBuildPhase section */

/* Begin PBXSourcesBuildPhase section */
		00E356EA1AD99517003FC87E /* Sources */ = {
			isa = PBXSourcesBuildPhase;
			buildActionMask = 2147483647;
			files = (
				00E356F31AD99517003FC87E /* Mapka3Tests.m in Sources */,
			);
			runOnlyForDeploymentPostprocessing = 0;
		};
		13B07F871A680F5B00A75B9A /* Sources */ = {
			isa = PBXSourcesBuildPhase;
			buildActionMask = 2147483647;
			files = (
				D476CFAC1DC5D12A006A2D5A /* AIRMapPolygon.m in Sources */,
				D476CF6A1DC5D108006A2D5A /* AIRGoogleMapMarker.m in Sources */,
				D476CFB31DC5D12A006A2D5A /* RCTConvert+MoreMapKit.m in Sources */,
				D476CF661DC5D108006A2D5A /* AIRGoogleMap.m in Sources */,
				13B07FBC1A68108700A75B9A /* AppDelegate.m in Sources */,
				13B07FC11A68108700A75B9A /* main.m in Sources */,
				D476CFB21DC5D12A006A2D5A /* SMCalloutView.m in Sources */,
				D476CFB01DC5D12A006A2D5A /* AIRMapUrlTile.m in Sources */,
				D476CFAE1DC5D12A006A2D5A /* AIRMapPolyline.m in Sources */,
				D476CFA31DC5D12A006A2D5A /* AIRMap.m in Sources */,
				D476CF691DC5D108006A2D5A /* AIRGoogleMapManager.m in Sources */,
				D476CFAD1DC5D12A006A2D5A /* AIRMapPolygonManager.m in Sources */,
				D476CF681DC5D108006A2D5A /* AIRGoogleMapCalloutManager.m in Sources */,
				D476CF671DC5D108006A2D5A /* AIRGoogleMapCallout.m in Sources */,
				D476CFA71DC5D12A006A2D5A /* AIRMapCircleManager.m in Sources */,
				D476CFA41DC5D12A006A2D5A /* AIRMapCallout.m in Sources */,
				D476CFA61DC5D12A006A2D5A /* AIRMapCircle.m in Sources */,
				D476CF651DC5D108006A2D5A /* AIRGMSMarker.m in Sources */,
				D476CFAB1DC5D12A006A2D5A /* AIRMapMarkerManager.m in Sources */,
				D476CFA51DC5D12A006A2D5A /* AIRMapCalloutManager.m in Sources */,
				D476CF6B1DC5D108006A2D5A /* AIRGoogleMapMarkerManager.m in Sources */,
				D476CF6C1DC5D108006A2D5A /* DummyView.m in Sources */,
				D476CFB11DC5D12A006A2D5A /* AIRMapUrlTileManager.m in Sources */,
				D476CFA91DC5D12A006A2D5A /* AIRMapManager.m in Sources */,
				D476CFA81DC5D12A006A2D5A /* AIRMapCoordinate.m in Sources */,
				D476CFAA1DC5D12A006A2D5A /* AIRMapMarker.m in Sources */,
				D476CFAF1DC5D12A006A2D5A /* AIRMapPolylineManager.m in Sources */,
			);
			runOnlyForDeploymentPostprocessing = 0;
		};
/* End PBXSourcesBuildPhase section */

/* Begin PBXTargetDependency section */
		00E356F51AD99517003FC87E /* PBXTargetDependency */ = {
			isa = PBXTargetDependency;
			target = 13B07F861A680F5B00A75B9A /* Mapka3 */;
			targetProxy = 00E356F41AD99517003FC87E /* PBXContainerItemProxy */;
		};
/* End PBXTargetDependency section */

/* Begin PBXVariantGroup section */
		13B07FB11A68108700A75B9A /* LaunchScreen.xib */ = {
			isa = PBXVariantGroup;
			children = (
				13B07FB21A68108700A75B9A /* Base */,
			);
			name = LaunchScreen.xib;
			path = Mapka3;
			sourceTree = "<group>";
		};
/* End PBXVariantGroup section */

/* Begin XCBuildConfiguration section */
		00E356F61AD99517003FC87E /* Debug */ = {
			isa = XCBuildConfiguration;
			buildSettings = {
				BUNDLE_LOADER = "$(TEST_HOST)";
				GCC_PREPROCESSOR_DEFINITIONS = (
					"DEBUG=1",
					"$(inherited)",
				);
				INFOPLIST_FILE = Mapka3Tests/Info.plist;
				IPHONEOS_DEPLOYMENT_TARGET = 8.0;
				LD_RUNPATH_SEARCH_PATHS = "$(inherited) @executable_path/Frameworks @loader_path/Frameworks";
				PRODUCT_NAME = "$(TARGET_NAME)";
				TEST_HOST = "$(BUILT_PRODUCTS_DIR)/Mapka3.app/Mapka3";
			};
			name = Debug;
		};
		00E356F71AD99517003FC87E /* Release */ = {
			isa = XCBuildConfiguration;
			buildSettings = {
				BUNDLE_LOADER = "$(TEST_HOST)";
				COPY_PHASE_STRIP = NO;
				INFOPLIST_FILE = Mapka3Tests/Info.plist;
				IPHONEOS_DEPLOYMENT_TARGET = 8.0;
				LD_RUNPATH_SEARCH_PATHS = "$(inherited) @executable_path/Frameworks @loader_path/Frameworks";
				PRODUCT_NAME = "$(TARGET_NAME)";
				TEST_HOST = "$(BUILT_PRODUCTS_DIR)/Mapka3.app/Mapka3";
			};
			name = Release;
		};
		13B07F941A680F5B00A75B9A /* Debug */ = {
			isa = XCBuildConfiguration;
			baseConfigurationReference = C9C0720110AC65A5C31F3E00 /* Pods-Mapka3.debug.xcconfig */;
			buildSettings = {
				ASSETCATALOG_COMPILER_APPICON_NAME = AppIcon;
				CURRENT_PROJECT_VERSION = 1;
				DEAD_CODE_STRIPPING = NO;
				HEADER_SEARCH_PATHS = (
					"$(inherited)",
					/Applications/Xcode.app/Contents/Developer/Toolchains/XcodeDefault.xctoolchain/usr/include,
					"$(SRCROOT)/../node_modules/react-native/React/**",
				);
				INFOPLIST_FILE = Mapka3/Info.plist;
				LD_RUNPATH_SEARCH_PATHS = "$(inherited) @executable_path/Frameworks";
				OTHER_LDFLAGS = (
					"$(inherited)",
					"-ObjC",
					"-lc++",
				);
				PRODUCT_NAME = Mapka3;
				VERSIONING_SYSTEM = "apple-generic";
			};
			name = Debug;
		};
		13B07F951A680F5B00A75B9A /* Release */ = {
			isa = XCBuildConfiguration;
			baseConfigurationReference = FC39B5E43C940A08AAB32889 /* Pods-Mapka3.release.xcconfig */;
			buildSettings = {
				ASSETCATALOG_COMPILER_APPICON_NAME = AppIcon;
				CURRENT_PROJECT_VERSION = 1;
				HEADER_SEARCH_PATHS = (
					"$(inherited)",
					/Applications/Xcode.app/Contents/Developer/Toolchains/XcodeDefault.xctoolchain/usr/include,
					"$(SRCROOT)/../node_modules/react-native/React/**",
				);
				INFOPLIST_FILE = Mapka3/Info.plist;
				LD_RUNPATH_SEARCH_PATHS = "$(inherited) @executable_path/Frameworks";
				OTHER_LDFLAGS = (
					"$(inherited)",
					"-ObjC",
					"-lc++",
				);
				PRODUCT_NAME = Mapka3;
				VERSIONING_SYSTEM = "apple-generic";
			};
			name = Release;
		};
		83CBBA201A601CBA00E9B192 /* Debug */ = {
			isa = XCBuildConfiguration;
			buildSettings = {
				ALWAYS_SEARCH_USER_PATHS = NO;
				CLANG_CXX_LANGUAGE_STANDARD = "gnu++0x";
				CLANG_CXX_LIBRARY = "libc++";
				CLANG_ENABLE_MODULES = YES;
				CLANG_ENABLE_OBJC_ARC = YES;
				CLANG_WARN_BOOL_CONVERSION = YES;
				CLANG_WARN_CONSTANT_CONVERSION = YES;
				CLANG_WARN_DIRECT_OBJC_ISA_USAGE = YES_ERROR;
				CLANG_WARN_EMPTY_BODY = YES;
				CLANG_WARN_ENUM_CONVERSION = YES;
				CLANG_WARN_INT_CONVERSION = YES;
				CLANG_WARN_OBJC_ROOT_CLASS = YES_ERROR;
				CLANG_WARN_UNREACHABLE_CODE = YES;
				CLANG_WARN__DUPLICATE_METHOD_MATCH = YES;
				"CODE_SIGN_IDENTITY[sdk=iphoneos*]" = "iPhone Developer";
				COPY_PHASE_STRIP = NO;
				ENABLE_STRICT_OBJC_MSGSEND = YES;
				GCC_C_LANGUAGE_STANDARD = gnu99;
				GCC_DYNAMIC_NO_PIC = NO;
				GCC_OPTIMIZATION_LEVEL = 0;
				GCC_PREPROCESSOR_DEFINITIONS = (
					"DEBUG=1",
					"$(inherited)",
				);
				GCC_SYMBOLS_PRIVATE_EXTERN = NO;
				GCC_WARN_64_TO_32_BIT_CONVERSION = YES;
				GCC_WARN_ABOUT_RETURN_TYPE = YES_ERROR;
				GCC_WARN_UNDECLARED_SELECTOR = YES;
				GCC_WARN_UNINITIALIZED_AUTOS = YES_AGGRESSIVE;
				GCC_WARN_UNUSED_FUNCTION = YES;
				GCC_WARN_UNUSED_VARIABLE = YES;
				HEADER_SEARCH_PATHS = (
					"$(inherited)",
					/Applications/Xcode.app/Contents/Developer/Toolchains/XcodeDefault.xctoolchain/usr/include,
					"$(SRCROOT)/../node_modules/react-native/React/**",
				);
				IPHONEOS_DEPLOYMENT_TARGET = 8.0;
				MTL_ENABLE_DEBUG_INFO = YES;
				ONLY_ACTIVE_ARCH = YES;
				SDKROOT = iphoneos;
			};
			name = Debug;
		};
		83CBBA211A601CBA00E9B192 /* Release */ = {
			isa = XCBuildConfiguration;
			buildSettings = {
				ALWAYS_SEARCH_USER_PATHS = NO;
				CLANG_CXX_LANGUAGE_STANDARD = "gnu++0x";
				CLANG_CXX_LIBRARY = "libc++";
				CLANG_ENABLE_MODULES = YES;
				CLANG_ENABLE_OBJC_ARC = YES;
				CLANG_WARN_BOOL_CONVERSION = YES;
				CLANG_WARN_CONSTANT_CONVERSION = YES;
				CLANG_WARN_DIRECT_OBJC_ISA_USAGE = YES_ERROR;
				CLANG_WARN_EMPTY_BODY = YES;
				CLANG_WARN_ENUM_CONVERSION = YES;
				CLANG_WARN_INT_CONVERSION = YES;
				CLANG_WARN_OBJC_ROOT_CLASS = YES_ERROR;
				CLANG_WARN_UNREACHABLE_CODE = YES;
				CLANG_WARN__DUPLICATE_METHOD_MATCH = YES;
				"CODE_SIGN_IDENTITY[sdk=iphoneos*]" = "iPhone Developer";
				COPY_PHASE_STRIP = YES;
				ENABLE_NS_ASSERTIONS = NO;
				ENABLE_STRICT_OBJC_MSGSEND = YES;
				GCC_C_LANGUAGE_STANDARD = gnu99;
				GCC_WARN_64_TO_32_BIT_CONVERSION = YES;
				GCC_WARN_ABOUT_RETURN_TYPE = YES_ERROR;
				GCC_WARN_UNDECLARED_SELECTOR = YES;
				GCC_WARN_UNINITIALIZED_AUTOS = YES_AGGRESSIVE;
				GCC_WARN_UNUSED_FUNCTION = YES;
				GCC_WARN_UNUSED_VARIABLE = YES;
				HEADER_SEARCH_PATHS = (
					"$(inherited)",
					/Applications/Xcode.app/Contents/Developer/Toolchains/XcodeDefault.xctoolchain/usr/include,
					"$(SRCROOT)/../node_modules/react-native/React/**",
				);
				IPHONEOS_DEPLOYMENT_TARGET = 8.0;
				MTL_ENABLE_DEBUG_INFO = NO;
				SDKROOT = iphoneos;
				VALIDATE_PRODUCT = YES;
			};
			name = Release;
		};
/* End XCBuildConfiguration section */

/* Begin XCConfigurationList section */
		00E357021AD99517003FC87E /* Build configuration list for PBXNativeTarget "Mapka3Tests" */ = {
			isa = XCConfigurationList;
			buildConfigurations = (
				00E356F61AD99517003FC87E /* Debug */,
				00E356F71AD99517003FC87E /* Release */,
			);
			defaultConfigurationIsVisible = 0;
			defaultConfigurationName = Release;
		};
		13B07F931A680F5B00A75B9A /* Build configuration list for PBXNativeTarget "Mapka3" */ = {
			isa = XCConfigurationList;
			buildConfigurations = (
				13B07F941A680F5B00A75B9A /* Debug */,
				13B07F951A680F5B00A75B9A /* Release */,
			);
			defaultConfigurationIsVisible = 0;
			defaultConfigurationName = Release;
		};
		83CBB9FA1A601CBA00E9B192 /* Build configuration list for PBXProject "Mapka3" */ = {
			isa = XCConfigurationList;
			buildConfigurations = (
				83CBBA201A601CBA00E9B192 /* Debug */,
				83CBBA211A601CBA00E9B192 /* Release */,
			);
			defaultConfigurationIsVisible = 0;
			defaultConfigurationName = Release;
		};
/* End XCConfigurationList section */
	};
	rootObject = 83CBB9F71A601CBA00E9B192 /* Project object */;
}
